
Microsoft Visual Studio Solution File, Format Version 12.00
# Visual Studio 15
Project("{FAE04EC0-301F-11D3-BF4B-00C04F79EFBC}") = "Assembly-CSharp-firstpass", "Assembly-CSharp-firstpass.csproj", "{7A5012E8-A592-AF6E-8DAE-BEAB5AB3CA27}"
EndProject
Project("{FAE04EC0-301F-11D3-BF4B-00C04F79EFBC}") = "Assembly-CSharp", "Assembly-CSharp.csproj", "{F311405E-22C8-6771-9DA1-23E7A8A937DD}"
EndProject
Project("{FAE04EC0-301F-11D3-BF4B-00C04F79EFBC}") = "Assembly-CSharp-Editor", "Assembly-CSharp-Editor.csproj", "{B52430A2-6816-2C6D-B875-EC734E2F5A3A}"
EndProject
Global
	GlobalSection(SolutionConfigurationPlatforms) = preSolution
		Debug|Any CPU = Debug|Any CPU
		Release|Any CPU = Release|Any CPU
	EndGlobalSection
	GlobalSection(ProjectConfigurationPlatforms) = postSolution
		{7A5012E8-A592-AF6E-8DAE-BEAB5AB3CA27}.Debug|Any CPU.ActiveCfg = Debug|Any CPU
		{7A5012E8-A592-AF6E-8DAE-BEAB5AB3CA27}.Debug|Any CPU.Build.0 = Debug|Any CPU
		{7A5012E8-A592-AF6E-8DAE-BEAB5AB3CA27}.Release|Any CPU.ActiveCfg = Release|Any CPU
		{7A5012E8-A592-AF6E-8DAE-BEAB5AB3CA27}.Release|Any CPU.Build.0 = Release|Any CPU
		{F311405E-22C8-6771-9DA1-23E7A8A937DD}.Debug|Any CPU.ActiveCfg = Debug|Any CPU
		{F311405E-22C8-6771-9DA1-23E7A8A937DD}.Debug|Any CPU.Build.0 = Debug|Any CPU
		{F311405E-22C8-6771-9DA1-23E7A8A937DD}.Release|Any CPU.ActiveCfg = Release|Any CPU
		{F311405E-22C8-6771-9DA1-23E7A8A937DD}.Release|Any CPU.Build.0 = Release|Any CPU
		{B52430A2-6816-2C6D-B875-EC734E2F5A3A}.Debug|Any CPU.ActiveCfg = Debug|Any CPU
		{B52430A2-6816-2C6D-B875-EC734E2F5A3A}.Debug|Any CPU.Build.0 = Debug|Any CPU
		{B52430A2-6816-2C6D-B875-EC734E2F5A3A}.Release|Any CPU.ActiveCfg = Release|Any CPU
		{B52430A2-6816-2C6D-B875-EC734E2F5A3A}.Release|Any CPU.Build.0 = Release|Any CPU
	EndGlobalSection
	GlobalSection(SolutionProperties) = preSolution
		HideSolutionNode = FALSE
	EndGlobalSection
EndGlobal
